
Microsoft Visual Studio Solution File, Format Version 12.00
# Visual Studio Version 16
VisualStudioVersion = 16.0.33328.57
MinimumVisualStudioVersion = 10.0.40219.1
Project("{FAE04EC0-301F-11D3-BF4B-00C04F79EFBC}") = "Test_8_PolesUP", "Test_8_PolesUP\Test_8_PolesUP.csproj", "{53A2614F-FE98-4469-818F-F3B840733B9F}"
EndProject
Global
	GlobalSection(SolutionConfigurationPlatforms) = preSolution
		Debug|Any CPU = Debug|Any CPU
		Release|Any CPU = Release|Any CPU
	EndGlobalSection
	GlobalSection(ProjectConfigurationPlatforms) = postSolution
		{53A2614F-FE98-4469-818F-F3B840733B9F}.Debug|Any CPU.ActiveCfg = Debug|Any CPU
		{53A2614F-FE98-4469-818F-F3B840733B9F}.Debug|Any CPU.Build.0 = Debug|Any CPU
		{53A2614F-FE98-4469-818F-F3B840733B9F}.Release|Any CPU.ActiveCfg = Release|Any CPU
		{53A2614F-FE98-4469-818F-F3B840733B9F}.Release|Any CPU.Build.0 = Release|Any CPU
	EndGlobalSection
	GlobalSection(SolutionProperties) = preSolution
		HideSolutionNode = FALSE
	EndGlobalSection
	GlobalSection(ExtensibilityGlobals) = postSolution
		SolutionGuid = {3ABEA372-9216-4C1D-8A58-F6C4D61AD9E8}
	EndGlobalSection
EndGlobal
